
Microsoft Visual Studio Solution File, Format Version 12.00
# Visual Studio 15
VisualStudioVersion = 15.0.26124.0
MinimumVisualStudioVersion = 15.0.26124.0
Project("{FAE04EC0-301F-11D3-BF4B-00C04F79EFBC}") = "PaymentContext.Domain", "PaymentContext.Domain\PaymentContext.Domain.csproj", "{6DB9A4A8-708E-40F8-BF1F-5CF183513B33}"
EndProject
Project("{FAE04EC0-301F-11D3-BF4B-00C04F79EFBC}") = "PaymentContext.Shared", "PaymentContext.Shared\PaymentContext.Shared.csproj", "{8B811187-0F56-4AE2-9BE9-329A8B9322BA}"
EndProject
Project("{FAE04EC0-301F-11D3-BF4B-00C04F79EFBC}") = "PaymentContext.Tests", "PaymentContext.Tests\PaymentContext.Tests.csproj", "{49AFCFA3-E7A2-4C06-AD50-605DBD910699}"
EndProject
Global
	GlobalSection(SolutionConfigurationPlatforms) = preSolution
		Debug|Any CPU = Debug|Any CPU
		Debug|x64 = Debug|x64
		Debug|x86 = Debug|x86
		Release|Any CPU = Release|Any CPU
		Release|x64 = Release|x64
		Release|x86 = Release|x86
	EndGlobalSection
	GlobalSection(SolutionProperties) = preSolution
		HideSolutionNode = FALSE
	EndGlobalSection
	GlobalSection(ProjectConfigurationPlatforms) = postSolution
		{6DB9A4A8-708E-40F8-BF1F-5CF183513B33}.Debug|Any CPU.ActiveCfg = Debug|Any CPU
		{6DB9A4A8-708E-40F8-BF1F-5CF183513B33}.Debug|Any CPU.Build.0 = Debug|Any CPU
		{6DB9A4A8-708E-40F8-BF1F-5CF183513B33}.Debug|x64.ActiveCfg = Debug|Any CPU
		{6DB9A4A8-708E-40F8-BF1F-5CF183513B33}.Debug|x64.Build.0 = Debug|Any CPU
		{6DB9A4A8-708E-40F8-BF1F-5CF183513B33}.Debug|x86.ActiveCfg = Debug|Any CPU
		{6DB9A4A8-708E-40F8-BF1F-5CF183513B33}.Debug|x86.Build.0 = Debug|Any CPU
		{6DB9A4A8-708E-40F8-BF1F-5CF183513B33}.Release|Any CPU.ActiveCfg = Release|Any CPU
		{6DB9A4A8-708E-40F8-BF1F-5CF183513B33}.Release|Any CPU.Build.0 = Release|Any CPU
		{6DB9A4A8-708E-40F8-BF1F-5CF183513B33}.Release|x64.ActiveCfg = Release|Any CPU
		{6DB9A4A8-708E-40F8-BF1F-5CF183513B33}.Release|x64.Build.0 = Release|Any CPU
		{6DB9A4A8-708E-40F8-BF1F-5CF183513B33}.Release|x86.ActiveCfg = Release|Any CPU
		{6DB9A4A8-708E-40F8-BF1F-5CF183513B33}.Release|x86.Build.0 = Release|Any CPU
		{8B811187-0F56-4AE2-9BE9-329A8B9322BA}.Debug|Any CPU.ActiveCfg = Debug|Any CPU
		{8B811187-0F56-4AE2-9BE9-329A8B9322BA}.Debug|Any CPU.Build.0 = Debug|Any CPU
		{8B811187-0F56-4AE2-9BE9-329A8B9322BA}.Debug|x64.ActiveCfg = Debug|Any CPU
		{8B811187-0F56-4AE2-9BE9-329A8B9322BA}.Debug|x64.Build.0 = Debug|Any CPU
		{8B811187-0F56-4AE2-9BE9-329A8B9322BA}.Debug|x86.ActiveCfg = Debug|Any CPU
		{8B811187-0F56-4AE2-9BE9-329A8B9322BA}.Debug|x86.Build.0 = Debug|Any CPU
		{8B811187-0F56-4AE2-9BE9-329A8B9322BA}.Release|Any CPU.ActiveCfg = Release|Any CPU
		{8B811187-0F56-4AE2-9BE9-329A8B9322BA}.Release|Any CPU.Build.0 = Release|Any CPU
		{8B811187-0F56-4AE2-9BE9-329A8B9322BA}.Release|x64.ActiveCfg = Release|Any CPU
		{8B811187-0F56-4AE2-9BE9-329A8B9322BA}.Release|x64.Build.0 = Release|Any CPU
		{8B811187-0F56-4AE2-9BE9-329A8B9322BA}.Release|x86.ActiveCfg = Release|Any CPU
		{8B811187-0F56-4AE2-9BE9-329A8B9322BA}.Release|x86.Build.0 = Release|Any CPU
		{49AFCFA3-E7A2-4C06-AD50-605DBD910699}.Debug|Any CPU.ActiveCfg = Debug|Any CPU
		{49AFCFA3-E7A2-4C06-AD50-605DBD910699}.Debug|Any CPU.Build.0 = Debug|Any CPU
		{49AFCFA3-E7A2-4C06-AD50-605DBD910699}.Debug|x64.ActiveCfg = Debug|Any CPU
		{49AFCFA3-E7A2-4C06-AD50-605DBD910699}.Debug|x64.Build.0 = Debug|Any CPU
		{49AFCFA3-E7A2-4C06-AD50-605DBD910699}.Debug|x86.ActiveCfg = Debug|Any CPU
		{49AFCFA3-E7A2-4C06-AD50-605DBD910699}.Debug|x86.Build.0 = Debug|Any CPU
		{49AFCFA3-E7A2-4C06-AD50-605DBD910699}.Release|Any CPU.ActiveCfg = Release|Any CPU
		{49AFCFA3-E7A2-4C06-AD50-605DBD910699}.Release|Any CPU.Build.0 = Release|Any CPU
		{49AFCFA3-E7A2-4C06-AD50-605DBD910699}.Release|x64.ActiveCfg = Release|Any CPU
		{49AFCFA3-E7A2-4C06-AD50-605DBD910699}.Release|x64.Build.0 = Release|Any CPU
		{49AFCFA3-E7A2-4C06-AD50-605DBD910699}.Release|x86.ActiveCfg = Release|Any CPU
		{49AFCFA3-E7A2-4C06-AD50-605DBD910699}.Release|x86.Build.0 = Release|Any CPU
	EndGlobalSection
EndGlobal
